// !$*UTF8*$!
{
	archiveVersion = 1;
	classes = {
	};
	objectVersion = 46;
	objects = {

/* Begin PBXBuildFile section */
		5FEFBDB51E352D5600CC9A9A /* main.c in Sources */ = {isa = PBXBuildFile; fileRef = 5FEFBDB41E352D5600CC9A9A /* main.c */; };
/* End PBXBuildFile section */

/* Begin PBXCopyFilesBuildPhase section */
		5FEFBDAF1E352D5600CC9A9A /* CopyFiles */ = {
			isa = PBXCopyFilesBuildPhase;
			buildActionMask = 2147483647;
			dstPath = /usr/share/man/man1/;
			dstSubfolderSpec = 0;
			files = (
			);
			runOnlyForDeploymentPostprocessing = 1;
		};
/* End PBXCopyFilesBuildPhase section */

/* Begin PBXFileReference section */
		5FEFBDB11E352D5600CC9A9A /* trisFinal */ = {isa = PBXFileReference; explicitFileType = "compiled.mach-o.executable"; includeInIndex = 0; path = trisFinal; sourceTree = BUILT_PRODUCTS_DIR; };
		5FEFBDB41E352D5600CC9A9A /* main.c */ = {isa = PBXFileReference; lastKnownFileType = sourcecode.c.c; path = main.c; sourceTree = "<group>"; };
		5FEFBDBB1E352D7F00CC9A9A /* tableauxUtils.h */ = {isa = PBXFileReference; fileEncoding = 4; lastKnownFileType = sourcecode.c.h; path = tableauxUtils.h; sourceTree = "<group>"; };
		5FEFBDBC1E352D9C00CC9A9A /* fonctionsDeTris.h */ = {isa = PBXFileReference; lastKnownFileType = sourcecode.c.h; path = fonctionsDeTris.h; sourceTree = "<group>"; };
		5FEFBDBD1E352DBE00CC9A9A /* lancementTableau.h */ = {isa = PBXFileReference; lastKnownFileType = sourcecode.c.h; path = lancementTableau.h; sourceTree = "<group>"; };
/* End PBXFileReference section */

/* Begin PBXFrameworksBuildPhase section */
		5FEFBDAE1E352D5600CC9A9A /* Frameworks */ = {
			isa = PBXFrameworksBuildPhase;
			buildActionMask = 2147483647;
			files = (
			);
			runOnlyForDeploymentPostprocessing = 0;
		};
/* End PBXFrameworksBuildPhase section */

/* Begin PBXGroup section */
		5FEFBDA81E352D5600CC9A9A = {
			isa = PBXGroup;
			children = (
				5FEFBDB31E352D5600CC9A9A /* trisFinal */,
				5FEFBDB21E352D5600CC9A9A /* Products */,
			);
			sourceTree = "<group>";
		};
		5FEFBDB21E352D5600CC9A9A /* Products */ = {
			isa = PBXGroup;
			children = (
				5FEFBDB11E352D5600CC9A9A /* trisFinal */,
			);
			name = Products;
			sourceTree = "<group>";
		};
		5FEFBDB31E352D5600CC9A9A /* trisFinal */ = {
			isa = PBXGroup;
			children = (
				5FEFBDB41E352D5600CC9A9A /* main.c */,
				5FEFBDBB1E352D7F00CC9A9A /* tableauxUtils.h */,
				5FEFBDBC1E352D9C00CC9A9A /* fonctionsDeTris.h */,
				5FEFBDBD1E352DBE00CC9A9A /* lancementTableau.h */,
			);
			path = trisFinal;
			sourceTree = "<group>";
		};
/* End PBXGroup section */

/* Begin PBXNativeTarget section */
		5FEFBDB01E352D5600CC9A9A /* trisFinal */ = {
			isa = PBXNativeTarget;
			buildConfigurationList = 5FEFBDB81E352D5600CC9A9A /* Build configuration list for PBXNativeTarget "trisFinal" */;
			buildPhases = (
				5FEFBDAD1E352D5600CC9A9A /* Sources */,
				5FEFBDAE1E352D5600CC9A9A /* Frameworks */,
				5FEFBDAF1E352D5600CC9A9A /* CopyFiles */,
			);
			buildRules = (
			);
			dependencies = (
			);
			name = trisFinal;
			productName = trisFinal;
			productReference = 5FEFBDB11E352D5600CC9A9A /* trisFinal */;
			productType = "com.apple.product-type.tool";
		};
/* End PBXNativeTarget section */

/* Begin PBXProject section */
		5FEFBDA91E352D5600CC9A9A /* Project object */ = {
			isa = PBXProject;
			attributes = {
				LastUpgradeCheck = 0820;
				ORGANIZATIONNAME = "Noureddine TEMZI";
				TargetAttributes = {
					5FEFBDB01E352D5600CC9A9A = {
						CreatedOnToolsVersion = 8.2.1;
						ProvisioningStyle = Automatic;
					};
				};
			};
			buildConfigurationList = 5FEFBDAC1E352D5600CC9A9A /* Build configuration list for PBXProject "trisFinal" */;
			compatibilityVersion = "Xcode 3.2";
			developmentRegion = English;
			hasScannedForEncodings = 0;
			knownRegions = (
				en,
			);
			mainGroup = 5FEFBDA81E352D5600CC9A9A;
			productRefGroup = 5FEFBDB21E352D5600CC9A9A /* Products */;
			projectDirPath = "";
			projectRoot = "";
			targets = (
				5FEFBDB01E352D5600CC9A9A /* trisFinal */,
			);
		};
/* End PBXProject section */

/* Begin PBXSourcesBuildPhase section */
		5FEFBDAD1E352D5600CC9A9A /* Sources */ = {
			isa = PBXSourcesBuildPhase;
			buildActionMask = 2147483647;
			files = (
				5FEFBDB51E352D5600CC9A9A /* main.c in Sources */,
			);
			runOnlyForDeploymentPostprocessing = 0;
		};
/* End PBXSourcesBuildPhase section */

/* Begin XCBuildConfiguration section */
		5FEFBDB61E352D5600CC9A9A /* Debug */ = {
			isa = XCBuildConfiguration;
			buildSettings = {
				ALWAYS_SEARCH_USER_PATHS = NO;
				CLANG_ANALYZER_NONNULL = YES;
				CLANG_CXX_LANGUAGE_STANDARD = "gnu++0x";
				CLANG_CXX_LIBRARY = "libc++";
				CLANG_ENABLE_MODULES = YES;
				CLANG_ENABLE_OBJC_ARC = YES;
				CLANG_WARN_BOOL_CONVERSION = YES;
				CLANG_WARN_CONSTANT_CONVERSION = YES;
				CLANG_WARN_DIRECT_OBJC_ISA_USAGE = YES_ERROR;
				CLANG_WARN_DOCUMENTATION_COMMENTS = YES;
				CLANG_WARN_EMPTY_BODY = YES;
				CLANG_WARN_ENUM_CONVERSION = YES;
				CLANG_WARN_INFINITE_RECURSION = YES;
				CLANG_WARN_INT_CONVERSION = YES;
				CLANG_WARN_OBJC_ROOT_CLASS = YES_ERROR;
				CLANG_WARN_SUSPICIOUS_MOVE = YES;
				CLANG_WARN_UNREACHABLE_CODE = YES;
				CLANG_WARN__DUPLICATE_METHOD_MATCH = YES;
				CODE_SIGN_IDENTITY = "-";
				COPY_PHASE_STRIP = NO;
				DEBUG_INFORMATION_FORMAT = dwarf;
				ENABLE_STRICT_OBJC_MSGSEND = YES;
				ENABLE_TESTABILITY = YES;
				GCC_C_LANGUAGE_STANDARD = gnu99;
				GCC_DYNAMIC_NO_PIC = NO;
				GCC_NO_COMMON_BLOCKS = YES;
				GCC_OPTIMIZATION_LEVEL = 0;
				GCC_PREPROCESSOR_DEFINITIONS = (
					"DEBUG=1",
					"$(inherited)",
				);
				GCC_WARN_64_TO_32_BIT_CONVERSION = YES;
				GCC_WARN_ABOUT_RETURN_TYPE = YES_ERROR;
				GCC_WARN_UNDECLARED_SELECTOR = YES;
				GCC_WARN_UNINITIALIZED_AUTOS = YES_AGGRESSIVE;
				GCC_WARN_UNUSED_FUNCTION = YES;
				GCC_WARN_UNUSED_VARIABLE = YES;
				MACOSX_DEPLOYMENT_TARGET = 10.12;
				MTL_ENABLE_DEBUG_INFO = YES;
				ONLY_ACTIVE_ARCH = YES;
				SDKROOT = macosx;
			};
			name = Debug;
		};
		5FEFBDB71E352D5600CC9A9A /* Release */ = {
			isa = XCBuildConfiguration;
			buildSettings = {
				ALWAYS_SEARCH_USER_PATHS = NO;
				CLANG_ANALYZER_NONNULL = YES;
				CLANG_CXX_LANGUAGE_STANDARD = "gnu++0x";
				CLANG_CXX_LIBRARY = "libc++";
				CLANG_ENABLE_MODULES = YES;
				CLANG_ENABLE_OBJC_ARC = YES;
				CLANG_WARN_BOOL_CONVERSION = YES;
				CLANG_WARN_CONSTANT_CONVERSION = YES;
				CLANG_WARN_DIRECT_OBJC_ISA_USAGE = YES_ERROR;
				CLANG_WARN_DOCUMENTATION_COMMENTS = YES;
				CLANG_WARN_EMPTY_BODY = YES;
				CLANG_WARN_ENUM_CONVERSION = YES;
				CLANG_WARN_INFINITE_RECURSION = YES;
				CLANG_WARN_INT_CONVERSION = YES;
				CLANG_WARN_OBJC_ROOT_CLASS = YES_ERROR;
				CLANG_WARN_SUSPICIOUS_MOVE = YES;
				CLANG_WARN_UNREACHABLE_CODE = YES;
				CLANG_WARN__DUPLICATE_METHOD_MATCH = YES;
				CODE_SIGN_IDENTITY = "-";
				COPY_PHASE_STRIP = NO;
				DEBUG_INFORMATION_FORMAT = "dwarf-with-dsym";
				ENABLE_NS_ASSERTIONS = NO;
				ENABLE_STRICT_OBJC_MSGSEND = YES;
				GCC_C_LANGUAGE_STANDARD = gnu99;
				GCC_NO_COMMON_BLOCKS = YES;
				GCC_WARN_64_TO_32_BIT_CONVERSION = YES;
				GCC_WARN_ABOUT_RETURN_TYPE = YES_ERROR;
				GCC_WARN_UNDECLARED_SELECTOR = YES;
				GCC_WARN_UNINITIALIZED_AUTOS = YES_AGGRESSIVE;
				GCC_WARN_UNUSED_FUNCTION = YES;
				GCC_WARN_UNUSED_VARIABLE = YES;
				MACOSX_DEPLOYMENT_TARGET = 10.12;
				MTL_ENABLE_DEBUG_INFO = NO;
				SDKROOT = macosx;
			};
			name = Release;
		};
		5FEFBDB91E352D5600CC9A9A /* Debug */ = {
			isa = XCBuildConfiguration;
			buildSettings = {
				PRODUCT_NAME = "$(TARGET_NAME)";
			};
			name = Debug;
		};
		5FEFBDBA1E352D5600CC9A9A /* Release */ = {
			isa = XCBuildConfiguration;
			buildSettings = {
				PRODUCT_NAME = "$(TARGET_NAME)";
			};
			name = Release;
		};
/* End XCBuildConfiguration section */

/* Begin XCConfigurationList section */
		5FEFBDAC1E352D5600CC9A9A /* Build configuration list for PBXProject "trisFinal" */ = {
			isa = XCConfigurationList;
			buildConfigurations = (
				5FEFBDB61E352D5600CC9A9A /* Debug */,
				5FEFBDB71E352D5600CC9A9A /* Release */,
			);
			defaultConfigurationIsVisible = 0;
			defaultConfigurationName = Release;
		};
		5FEFBDB81E352D5600CC9A9A /* Build configuration list for PBXNativeTarget "trisFinal" */ = {
			isa = XCConfigurationList;
			buildConfigurations = (
				5FEFBDB91E352D5600CC9A9A /* Debug */,
				5FEFBDBA1E352D5600CC9A9A /* Release */,
			);
			defaultConfigurationIsVisible = 0;
		};
/* End XCConfigurationList section */
	};
	rootObject = 5FEFBDA91E352D5600CC9A9A /* Project object */;
}
